
Microsoft Visual Studio Solution File, Format Version 12.00
# Visual Studio Version 17
VisualStudioVersion = 17.10.35004.147
MinimumVisualStudioVersion = 10.0.40219.1
Project("{9A19103F-16F7-4668-BE54-9A1E7A4F7556}") = "TailwindLive", "TailwindLive.csproj", "{29E4F80C-CA0B-4A9B-AD75-6A9B268D7899}"
EndProject
Global
	GlobalSection(SolutionConfigurationPlatforms) = preSolution
		Debug|Any CPU = Debug|Any CPU
		Release|Any CPU = Release|Any CPU
	EndGlobalSection
	GlobalSection(ProjectConfigurationPlatforms) = postSolution
		{29E4F80C-CA0B-4A9B-AD75-6A9B268D7899}.Debug|Any CPU.ActiveCfg = Debug|Any CPU
		{29E4F80C-CA0B-4A9B-AD75-6A9B268D7899}.Debug|Any CPU.Build.0 = Debug|Any CPU
		{29E4F80C-CA0B-4A9B-AD75-6A9B268D7899}.Release|Any CPU.ActiveCfg = Release|Any CPU
		{29E4F80C-CA0B-4A9B-AD75-6A9B268D7899}.Release|Any CPU.Build.0 = Release|Any CPU
	EndGlobalSection
	GlobalSection(SolutionProperties) = preSolution
		HideSolutionNode = FALSE
	EndGlobalSection
	GlobalSection(ExtensibilityGlobals) = postSolution
		SolutionGuid = {04DF6A0B-B2D9-4739-8C2E-E41BC68FBFA3}
	EndGlobalSection
EndGlobal
